schema: '2.0'
stages:
  preprocess:
    cmd: python src/preprocess.py
    deps:
    - path: data/raw/dataset.csv
      hash: md5
      md5: 34754768380f04f92a14e93ce786e7d5
      size: 359702
    - path: src/preprocess.py
      hash: md5
      md5: dd31edd24de68e95490a6a5f0d0da854
      size: 3222
    params:
      params.yaml:
        data.random_state: 42
        data.test_size: 0.2
    outs:
    - path: data/processed/X_test.csv
      hash: md5
      md5: c2046ba3484043e11fa04a6709806c71
      size: 237370
    - path: data/processed/X_train.csv
      hash: md5
      md5: de05effa74ffee8677048cb248be9e61
      size: 949047
    - path: data/processed/y_test.csv
      hash: md5
      md5: 0bfae565a22e8d5c9f7222c12f4a65e3
      size: 2006
    - path: data/processed/y_train.csv
      hash: md5
      md5: e8cb2e5adb8e6a47fbe81f44bd76943c
      size: 8006
  train:
    cmd: python src/train.py
    deps:
    - path: data/processed/X_train.csv
      hash: md5
      md5: de05effa74ffee8677048cb248be9e61
      size: 949047
    - path: data/processed/y_train.csv
      hash: md5
      md5: e8cb2e5adb8e6a47fbe81f44bd76943c
      size: 8006
    - path: src/train.py
      hash: md5
      md5: 14bb3d8b183cd45740f2585fdc7de2d5
      size: 5443
    params:
      params.yaml:
        lightgbm:
          n_estimators: 200
          max_depth: 8
          learning_rate: 0.1
          num_leaves: 31
          subsample: 0.8
          random_state: 42
        random_forest:
          n_estimators: 200
          max_depth: 10
          min_samples_split: 5
          random_state: 42
        xgboost:
          n_estimators: 200
          max_depth: 6
          learning_rate: 0.1
          subsample: 0.8
          colsample_bytree: 0.8
          random_state: 42
    outs:
    - path: models/
      hash: md5
      md5: d751713988987e9331980363e24189ce.dir
      size: 0
      nfiles: 0
  evaluate:
    cmd: python src/evaluate.py
    deps:
    - path: data/processed/X_test.csv
      hash: md5
      md5: c2046ba3484043e11fa04a6709806c71
      size: 237370
    - path: data/processed/y_test.csv
      hash: md5
      md5: 0bfae565a22e8d5c9f7222c12f4a65e3
      size: 2006
    - path: models/
      hash: md5
      md5: d751713988987e9331980363e24189ce.dir
      size: 0
      nfiles: 0
    - path: src/evaluate.py
      hash: md5
      md5: b1495f101e2a8605dbb0eb1ba5d0f200
      size: 5508
    params:
      params.yaml:
        promotion:
          metric: f1_score
          min_improvement: 0.01
          metrics_weights:
            accuracy: 0.3
            f1_score: 0.4
            roc_auc: 0.3
    outs:
    - path: reports/metrics.json
      hash: md5
      md5: 3057dfc39b793808f5986cbc80ae9783
      size: 248
