schema: '2.0'
stages:
  preprocess:
    cmd: python src/preprocess.py
    deps:
    - path: data/raw/dataset.csv
      hash: md5
      md5: 34754768380f04f92a14e93ce786e7d5
      size: 359702
    - path: src/preprocess.py
      hash: md5
      md5: b7c5e0882eb77098ec44ae7d3ba4dd7b
      size: 3332
    params:
      params.yaml:
        data.random_state: 42
        data.test_size: 0.2
    outs:
    - path: data/processed/X_test.csv
      hash: md5
      md5: 47a1131beeae56cd0cdc67e3ced4e094
      size: 238371
    - path: data/processed/X_train.csv
      hash: md5
      md5: 350c9f74eba3f4bddf563f3c07959a94
      size: 953048
    - path: data/processed/y_test.csv
      hash: md5
      md5: 7bffd322f7a79eecf20184762159f2bc
      size: 3007
    - path: data/processed/y_train.csv
      hash: md5
      md5: 0fa85079cdc8a5f178d73a36859cd543
      size: 12007
